
Microsoft Visual Studio Solution File, Format Version 12.00
# Visual Studio 15
VisualStudioVersion = 15.0.28307.489
MinimumVisualStudioVersion = 10.0.40219.1
Project("{9A19103F-16F7-4668-BE54-9A1E7A4F7556}") = "ProductivityApp", "ProductivityApp\ProductivityApp.csproj", "{39E064A6-BE32-4CE7-A1FA-194BB282201A}"
EndProject
Project("{FAE04EC0-301F-11D3-BF4B-00C04F79EFBC}") = "FlowTests", "FlowTests\FlowTests.csproj", "{127445B6-B507-4BBE-B0CD-5EEA89A9CF9C}"
EndProject
Global
	GlobalSection(SolutionConfigurationPlatforms) = preSolution
		Debug|Any CPU = Debug|Any CPU
		Release|Any CPU = Release|Any CPU
	EndGlobalSection
	GlobalSection(ProjectConfigurationPlatforms) = postSolution
		{39E064A6-BE32-4CE7-A1FA-194BB282201A}.Debug|Any CPU.ActiveCfg = Debug|Any CPU
		{39E064A6-BE32-4CE7-A1FA-194BB282201A}.Debug|Any CPU.Build.0 = Debug|Any CPU
		{39E064A6-BE32-4CE7-A1FA-194BB282201A}.Release|Any CPU.ActiveCfg = Release|Any CPU
		{39E064A6-BE32-4CE7-A1FA-194BB282201A}.Release|Any CPU.Build.0 = Release|Any CPU
		{127445B6-B507-4BBE-B0CD-5EEA89A9CF9C}.Debug|Any CPU.ActiveCfg = Debug|Any CPU
		{127445B6-B507-4BBE-B0CD-5EEA89A9CF9C}.Debug|Any CPU.Build.0 = Debug|Any CPU
		{127445B6-B507-4BBE-B0CD-5EEA89A9CF9C}.Release|Any CPU.ActiveCfg = Release|Any CPU
		{127445B6-B507-4BBE-B0CD-5EEA89A9CF9C}.Release|Any CPU.Build.0 = Release|Any CPU
	EndGlobalSection
	GlobalSection(SolutionProperties) = preSolution
		HideSolutionNode = FALSE
	EndGlobalSection
	GlobalSection(ExtensibilityGlobals) = postSolution
		SolutionGuid = {01480681-6BCA-4F01-A51B-0844F06B5B41}
	EndGlobalSection
EndGlobal
